// !$*UTF8*$!
{
	archiveVersion = 1;
	classes = {
	};
	objectVersion = 77;
	objects = {

/* Begin PBXBuildFile section */
		03B40A2C92477C575CADBF09 /* ClaudeUsageAPIClient.swift in Sources */ = {isa = PBXBuildFile; fileRef = 0922F4B23F3F12C5ECC9D380 /* ClaudeUsageAPIClient.swift */; };
		0F974B8B77A2E99AC64FD182 /* UsageModels.swift in Sources */ = {isa = PBXBuildFile; fileRef = 732BB588C06237AC93266CEA /* UsageModels.swift */; };
		1AC8654C2CB686A1734111AB /* KeyboardShortcuts in Frameworks */ = {isa = PBXBuildFile; productRef = A6E8CF01DD79B4D438EC4121 /* KeyboardShortcuts */; };
		2FA450FB9FA1E2778BE0D241 /* CodemonApp.swift in Sources */ = {isa = PBXBuildFile; fileRef = 2CA6EA1C1BCA29CF500FB84B /* CodemonApp.swift */; };
		3077F517EFA0DDAB84632893 /* SettingsView.swift in Sources */ = {isa = PBXBuildFile; fileRef = 235A49FA6210D626E7BEA49E /* SettingsView.swift */; };
		3385EE15AD106846C2A99F89 /* AppUpdater in Frameworks */ = {isa = PBXBuildFile; productRef = 0AA2CB5F04AC53A6CF0622A4 /* AppUpdater */; };
		38C062F07BE834879C26CFE9 /* FloatingWidgetView.swift in Sources */ = {isa = PBXBuildFile; fileRef = 3FE07620BDC01A75B22A627B /* FloatingWidgetView.swift */; };
		3AB41312CC5E7358C3C2DF6E /* ProviderAuthService.swift in Sources */ = {isa = PBXBuildFile; fileRef = 503BCDDE4682B016092720F8 /* ProviderAuthService.swift */; };
		6C61036CA9A23A6F37FF42C8 /* AppShortcuts.swift in Sources */ = {isa = PBXBuildFile; fileRef = 571F10C00EE1F400B828FBDA /* AppShortcuts.swift */; };
		887C266FA42920A2F23CEAD2 /* LoginWindowController.swift in Sources */ = {isa = PBXBuildFile; fileRef = FD2554625D5F6DCC3C2E886B /* LoginWindowController.swift */; };
		890E310FFB7EADCD14CA56D2 /* UsageStore.swift in Sources */ = {isa = PBXBuildFile; fileRef = 1AC212D4BF129AC5C8E17D6C /* UsageStore.swift */; };
		D71A815CED30921FD25BA28F /* FloatingWidgetWindow.swift in Sources */ = {isa = PBXBuildFile; fileRef = EF3A7EF5FADD0B893564D3C3 /* FloatingWidgetWindow.swift */; };
		D7FBFBDE1D266AE91132CD1F /* CodexUsageAPIClient.swift in Sources */ = {isa = PBXBuildFile; fileRef = 9B42B7859787720684AE3BDF /* CodexUsageAPIClient.swift */; };
		E0B2DA35625CFE4EB5F01732 /* AppDelegate.swift in Sources */ = {isa = PBXBuildFile; fileRef = 5EFDC3149B9FC50F5A32C9BE /* AppDelegate.swift */; };
		E1DEC2AF263D01AE2C4A6995 /* SettingsStore.swift in Sources */ = {isa = PBXBuildFile; fileRef = CDF209CE7742B51105918F02 /* SettingsStore.swift */; };
		E54D5D570ED8F31B95AAFE2D /* KeychainStore.swift in Sources */ = {isa = PBXBuildFile; fileRef = 2AD82AC8CDB1E566E23F1F7F /* KeychainStore.swift */; };
/* End PBXBuildFile section */

/* Begin PBXFileReference section */
		0922F4B23F3F12C5ECC9D380 /* ClaudeUsageAPIClient.swift */ = {isa = PBXFileReference; lastKnownFileType = sourcecode.swift; path = ClaudeUsageAPIClient.swift; sourceTree = "<group>"; };
		1AC212D4BF129AC5C8E17D6C /* UsageStore.swift */ = {isa = PBXFileReference; lastKnownFileType = sourcecode.swift; path = UsageStore.swift; sourceTree = "<group>"; };
		235A49FA6210D626E7BEA49E /* SettingsView.swift */ = {isa = PBXFileReference; lastKnownFileType = sourcecode.swift; path = SettingsView.swift; sourceTree = "<group>"; };
		2AD82AC8CDB1E566E23F1F7F /* KeychainStore.swift */ = {isa = PBXFileReference; lastKnownFileType = sourcecode.swift; path = KeychainStore.swift; sourceTree = "<group>"; };
		2CA6EA1C1BCA29CF500FB84B /* CodemonApp.swift */ = {isa = PBXFileReference; lastKnownFileType = sourcecode.swift; path = CodemonApp.swift; sourceTree = "<group>"; };
		2E526A0B2F682A1DF9963C2D /* codemon.entitlements */ = {isa = PBXFileReference; lastKnownFileType = text.plist.entitlements; path = codemon.entitlements; sourceTree = "<group>"; };
		3FE07620BDC01A75B22A627B /* FloatingWidgetView.swift */ = {isa = PBXFileReference; lastKnownFileType = sourcecode.swift; path = FloatingWidgetView.swift; sourceTree = "<group>"; };
		503BCDDE4682B016092720F8 /* ProviderAuthService.swift */ = {isa = PBXFileReference; lastKnownFileType = sourcecode.swift; path = ProviderAuthService.swift; sourceTree = "<group>"; };
		571F10C00EE1F400B828FBDA /* AppShortcuts.swift */ = {isa = PBXFileReference; lastKnownFileType = sourcecode.swift; path = AppShortcuts.swift; sourceTree = "<group>"; };
		5745A4E870B29703B815962B /* codemon.app */ = {isa = PBXFileReference; explicitFileType = wrapper.application; includeInIndex = 0; path = codemon.app; sourceTree = BUILT_PRODUCTS_DIR; };
		5EFDC3149B9FC50F5A32C9BE /* AppDelegate.swift */ = {isa = PBXFileReference; lastKnownFileType = sourcecode.swift; path = AppDelegate.swift; sourceTree = "<group>"; };
		732BB588C06237AC93266CEA /* UsageModels.swift */ = {isa = PBXFileReference; lastKnownFileType = sourcecode.swift; path = UsageModels.swift; sourceTree = "<group>"; };
		95B673885DA1DBE326943344 /* Info.plist */ = {isa = PBXFileReference; lastKnownFileType = text.plist; path = Info.plist; sourceTree = "<group>"; };
		9B42B7859787720684AE3BDF /* CodexUsageAPIClient.swift */ = {isa = PBXFileReference; lastKnownFileType = sourcecode.swift; path = CodexUsageAPIClient.swift; sourceTree = "<group>"; };
		CDF209CE7742B51105918F02 /* SettingsStore.swift */ = {isa = PBXFileReference; lastKnownFileType = sourcecode.swift; path = SettingsStore.swift; sourceTree = "<group>"; };
		EF3A7EF5FADD0B893564D3C3 /* FloatingWidgetWindow.swift */ = {isa = PBXFileReference; lastKnownFileType = sourcecode.swift; path = FloatingWidgetWindow.swift; sourceTree = "<group>"; };
		FD2554625D5F6DCC3C2E886B /* LoginWindowController.swift */ = {isa = PBXFileReference; lastKnownFileType = sourcecode.swift; path = LoginWindowController.swift; sourceTree = "<group>"; };
/* End PBXFileReference section */

/* Begin PBXFrameworksBuildPhase section */
		BA7C164712EE63103999E05E /* Frameworks */ = {
			isa = PBXFrameworksBuildPhase;
			buildActionMask = 2147483647;
			files = (
				3385EE15AD106846C2A99F89 /* AppUpdater in Frameworks */,
				1AC8654C2CB686A1734111AB /* KeyboardShortcuts in Frameworks */,
			);
			runOnlyForDeploymentPostprocessing = 0;
		};
/* End PBXFrameworksBuildPhase section */

/* Begin PBXGroup section */
		2B1FE701B093CA95D890CD9D /* Models */ = {
			isa = PBXGroup;
			children = (
				732BB588C06237AC93266CEA /* UsageModels.swift */,
			);
			path = Models;
			sourceTree = "<group>";
		};
		323015E016EC65F5CCAAC041 /* Stores */ = {
			isa = PBXGroup;
			children = (
				1AC212D4BF129AC5C8E17D6C /* UsageStore.swift */,
			);
			path = Stores;
			sourceTree = "<group>";
		};
		3B6F2204F715E669B48B3339 /* Products */ = {
			isa = PBXGroup;
			children = (
				5745A4E870B29703B815962B /* codemon.app */,
			);
			name = Products;
			sourceTree = "<group>";
		};
		62E74FBDBFFB00BA77D4DC79 /* Services */ = {
			isa = PBXGroup;
			children = (
				571F10C00EE1F400B828FBDA /* AppShortcuts.swift */,
				0922F4B23F3F12C5ECC9D380 /* ClaudeUsageAPIClient.swift */,
				9B42B7859787720684AE3BDF /* CodexUsageAPIClient.swift */,
				2AD82AC8CDB1E566E23F1F7F /* KeychainStore.swift */,
				503BCDDE4682B016092720F8 /* ProviderAuthService.swift */,
				CDF209CE7742B51105918F02 /* SettingsStore.swift */,
			);
			path = Services;
			sourceTree = "<group>";
		};
		63CEB08F4A368885A2EE8E1B /* codemon */ = {
			isa = PBXGroup;
			children = (
				5EFDC3149B9FC50F5A32C9BE /* AppDelegate.swift */,
				2E526A0B2F682A1DF9963C2D /* codemon.entitlements */,
				2CA6EA1C1BCA29CF500FB84B /* CodemonApp.swift */,
				95B673885DA1DBE326943344 /* Info.plist */,
				2B1FE701B093CA95D890CD9D /* Models */,
				62E74FBDBFFB00BA77D4DC79 /* Services */,
				323015E016EC65F5CCAAC041 /* Stores */,
				783DD68E60B4AC45CB89FD33 /* UI */,
			);
			path = codemon;
			sourceTree = "<group>";
		};
		783DD68E60B4AC45CB89FD33 /* UI */ = {
			isa = PBXGroup;
			children = (
				3FE07620BDC01A75B22A627B /* FloatingWidgetView.swift */,
				EF3A7EF5FADD0B893564D3C3 /* FloatingWidgetWindow.swift */,
				FD2554625D5F6DCC3C2E886B /* LoginWindowController.swift */,
				235A49FA6210D626E7BEA49E /* SettingsView.swift */,
			);
			path = UI;
			sourceTree = "<group>";
		};
		B3447251F7A28EB57AAB993D = {
			isa = PBXGroup;
			children = (
				63CEB08F4A368885A2EE8E1B /* codemon */,
				3B6F2204F715E669B48B3339 /* Products */,
			);
			sourceTree = "<group>";
		};
/* End PBXGroup section */

/* Begin PBXNativeTarget section */
		F1AB35DEAAF5613945E65E09 /* codemon */ = {
			isa = PBXNativeTarget;
			buildConfigurationList = BE510EF67072EC263A1329FF /* Build configuration list for PBXNativeTarget "codemon" */;
			buildPhases = (
				2ADCCFF0A0738741BD393D2E /* Sources */,
				BA7C164712EE63103999E05E /* Frameworks */,
			);
			buildRules = (
			);
			dependencies = (
			);
			name = codemon;
			packageProductDependencies = (
				0AA2CB5F04AC53A6CF0622A4 /* AppUpdater */,
				A6E8CF01DD79B4D438EC4121 /* KeyboardShortcuts */,
			);
			productName = codemon;
			productReference = 5745A4E870B29703B815962B /* codemon.app */;
			productType = "com.apple.product-type.application";
		};
/* End PBXNativeTarget section */

/* Begin PBXProject section */
		8E8C85668B9C50B54C90F2AC /* Project object */ = {
			isa = PBXProject;
			attributes = {
				BuildIndependentTargetsInParallel = YES;
				LastUpgradeCheck = 1430;
				TargetAttributes = {
					F1AB35DEAAF5613945E65E09 = {
						ProvisioningStyle = Automatic;
					};
				};
			};
			buildConfigurationList = 07CB3461E279B4AAA7B16068 /* Build configuration list for PBXProject "codemon" */;
			developmentRegion = en;
			hasScannedForEncodings = 0;
			knownRegions = (
				Base,
				en,
			);
			mainGroup = B3447251F7A28EB57AAB993D;
			minimizedProjectReferenceProxies = 1;
			packageReferences = (
				1BC35EDF74F65C2A37677E16 /* XCRemoteSwiftPackageReference "AppUpdater" */,
				5A43B99AE09823279AE97B12 /* XCRemoteSwiftPackageReference "KeyboardShortcuts" */,
			);
			preferredProjectObjectVersion = 77;
			productRefGroup = 3B6F2204F715E669B48B3339 /* Products */;
			projectDirPath = "";
			projectRoot = "";
			targets = (
				F1AB35DEAAF5613945E65E09 /* codemon */,
			);
		};
/* End PBXProject section */

/* Begin PBXSourcesBuildPhase section */
		2ADCCFF0A0738741BD393D2E /* Sources */ = {
			isa = PBXSourcesBuildPhase;
			buildActionMask = 2147483647;
			files = (
				E0B2DA35625CFE4EB5F01732 /* AppDelegate.swift in Sources */,
				6C61036CA9A23A6F37FF42C8 /* AppShortcuts.swift in Sources */,
				03B40A2C92477C575CADBF09 /* ClaudeUsageAPIClient.swift in Sources */,
				2FA450FB9FA1E2778BE0D241 /* CodemonApp.swift in Sources */,
				D7FBFBDE1D266AE91132CD1F /* CodexUsageAPIClient.swift in Sources */,
				38C062F07BE834879C26CFE9 /* FloatingWidgetView.swift in Sources */,
				D71A815CED30921FD25BA28F /* FloatingWidgetWindow.swift in Sources */,
				E54D5D570ED8F31B95AAFE2D /* KeychainStore.swift in Sources */,
				887C266FA42920A2F23CEAD2 /* LoginWindowController.swift in Sources */,
				3AB41312CC5E7358C3C2DF6E /* ProviderAuthService.swift in Sources */,
				E1DEC2AF263D01AE2C4A6995 /* SettingsStore.swift in Sources */,
				3077F517EFA0DDAB84632893 /* SettingsView.swift in Sources */,
				0F974B8B77A2E99AC64FD182 /* UsageModels.swift in Sources */,
				890E310FFB7EADCD14CA56D2 /* UsageStore.swift in Sources */,
			);
			runOnlyForDeploymentPostprocessing = 0;
		};
/* End PBXSourcesBuildPhase section */

/* Begin XCBuildConfiguration section */
		05A43F6D8E2C4D56007A7719 /* Release */ = {
			isa = XCBuildConfiguration;
			buildSettings = {
				ALWAYS_SEARCH_USER_PATHS = NO;
				CLANG_ANALYZER_NONNULL = YES;
				CLANG_ANALYZER_NUMBER_OBJECT_CONVERSION = YES_AGGRESSIVE;
				CLANG_CXX_LANGUAGE_STANDARD = "gnu++14";
				CLANG_CXX_LIBRARY = "libc++";
				CLANG_ENABLE_MODULES = YES;
				CLANG_ENABLE_OBJC_ARC = YES;
				CLANG_ENABLE_OBJC_WEAK = YES;
				CLANG_WARN_BLOCK_CAPTURE_AUTORELEASING = YES;
				CLANG_WARN_BOOL_CONVERSION = YES;
				CLANG_WARN_COMMA = YES;
				CLANG_WARN_CONSTANT_CONVERSION = YES;
				CLANG_WARN_DEPRECATED_OBJC_IMPLEMENTATIONS = YES;
				CLANG_WARN_DIRECT_OBJC_ISA_USAGE = YES_ERROR;
				CLANG_WARN_DOCUMENTATION_COMMENTS = YES;
				CLANG_WARN_EMPTY_BODY = YES;
				CLANG_WARN_ENUM_CONVERSION = YES;
				CLANG_WARN_INFINITE_RECURSION = YES;
				CLANG_WARN_INT_CONVERSION = YES;
				CLANG_WARN_NON_LITERAL_NULL_CONVERSION = YES;
				CLANG_WARN_OBJC_IMPLICIT_RETAIN_SELF = YES;
				CLANG_WARN_OBJC_LITERAL_CONVERSION = YES;
				CLANG_WARN_OBJC_ROOT_CLASS = YES_ERROR;
				CLANG_WARN_QUOTED_INCLUDE_IN_FRAMEWORK_HEADER = YES;
				CLANG_WARN_RANGE_LOOP_ANALYSIS = YES;
				CLANG_WARN_STRICT_PROTOTYPES = YES;
				CLANG_WARN_SUSPICIOUS_MOVE = YES;
				CLANG_WARN_UNGUARDED_AVAILABILITY = YES_AGGRESSIVE;
				CLANG_WARN_UNREACHABLE_CODE = YES;
				CLANG_WARN__DUPLICATE_METHOD_MATCH = YES;
				COPY_PHASE_STRIP = NO;
				DEBUG_INFORMATION_FORMAT = "dwarf-with-dsym";
				ENABLE_NS_ASSERTIONS = NO;
				ENABLE_STRICT_OBJC_MSGSEND = YES;
				GCC_C_LANGUAGE_STANDARD = gnu11;
				GCC_NO_COMMON_BLOCKS = YES;
				GCC_WARN_64_TO_32_BIT_CONVERSION = YES;
				GCC_WARN_ABOUT_RETURN_TYPE = YES_ERROR;
				GCC_WARN_UNDECLARED_SELECTOR = YES;
				GCC_WARN_UNINITIALIZED_AUTOS = YES_AGGRESSIVE;
				GCC_WARN_UNUSED_FUNCTION = YES;
				GCC_WARN_UNUSED_VARIABLE = YES;
				MACOSX_DEPLOYMENT_TARGET = 13.0;
				MTL_ENABLE_DEBUG_INFO = NO;
				MTL_FAST_MATH = YES;
				PRODUCT_NAME = "$(TARGET_NAME)";
				SDKROOT = macosx;
				SWIFT_COMPILATION_MODE = wholemodule;
				SWIFT_OPTIMIZATION_LEVEL = "-O";
				SWIFT_VERSION = 5.0;
			};
			name = Release;
		};
		5524909C3EAE567847E5B237 /* Debug */ = {
			isa = XCBuildConfiguration;
			buildSettings = {
				ALWAYS_SEARCH_USER_PATHS = NO;
				CLANG_ANALYZER_NONNULL = YES;
				CLANG_ANALYZER_NUMBER_OBJECT_CONVERSION = YES_AGGRESSIVE;
				CLANG_CXX_LANGUAGE_STANDARD = "gnu++14";
				CLANG_CXX_LIBRARY = "libc++";
				CLANG_ENABLE_MODULES = YES;
				CLANG_ENABLE_OBJC_ARC = YES;
				CLANG_ENABLE_OBJC_WEAK = YES;
				CLANG_WARN_BLOCK_CAPTURE_AUTORELEASING = YES;
				CLANG_WARN_BOOL_CONVERSION = YES;
				CLANG_WARN_COMMA = YES;
				CLANG_WARN_CONSTANT_CONVERSION = YES;
				CLANG_WARN_DEPRECATED_OBJC_IMPLEMENTATIONS = YES;
				CLANG_WARN_DIRECT_OBJC_ISA_USAGE = YES_ERROR;
				CLANG_WARN_DOCUMENTATION_COMMENTS = YES;
				CLANG_WARN_EMPTY_BODY = YES;
				CLANG_WARN_ENUM_CONVERSION = YES;
				CLANG_WARN_INFINITE_RECURSION = YES;
				CLANG_WARN_INT_CONVERSION = YES;
				CLANG_WARN_NON_LITERAL_NULL_CONVERSION = YES;
				CLANG_WARN_OBJC_IMPLICIT_RETAIN_SELF = YES;
				CLANG_WARN_OBJC_LITERAL_CONVERSION = YES;
				CLANG_WARN_OBJC_ROOT_CLASS = YES_ERROR;
				CLANG_WARN_QUOTED_INCLUDE_IN_FRAMEWORK_HEADER = YES;
				CLANG_WARN_RANGE_LOOP_ANALYSIS = YES;
				CLANG_WARN_STRICT_PROTOTYPES = YES;
				CLANG_WARN_SUSPICIOUS_MOVE = YES;
				CLANG_WARN_UNGUARDED_AVAILABILITY = YES_AGGRESSIVE;
				CLANG_WARN_UNREACHABLE_CODE = YES;
				CLANG_WARN__DUPLICATE_METHOD_MATCH = YES;
				COPY_PHASE_STRIP = NO;
				DEBUG_INFORMATION_FORMAT = dwarf;
				ENABLE_STRICT_OBJC_MSGSEND = YES;
				ENABLE_TESTABILITY = YES;
				GCC_C_LANGUAGE_STANDARD = gnu11;
				GCC_DYNAMIC_NO_PIC = NO;
				GCC_NO_COMMON_BLOCKS = YES;
				GCC_OPTIMIZATION_LEVEL = 0;
				GCC_PREPROCESSOR_DEFINITIONS = (
					"$(inherited)",
					"DEBUG=1",
				);
				GCC_WARN_64_TO_32_BIT_CONVERSION = YES;
				GCC_WARN_ABOUT_RETURN_TYPE = YES_ERROR;
				GCC_WARN_UNDECLARED_SELECTOR = YES;
				GCC_WARN_UNINITIALIZED_AUTOS = YES_AGGRESSIVE;
				GCC_WARN_UNUSED_FUNCTION = YES;
				GCC_WARN_UNUSED_VARIABLE = YES;
				MACOSX_DEPLOYMENT_TARGET = 13.0;
				MTL_ENABLE_DEBUG_INFO = INCLUDE_SOURCE;
				MTL_FAST_MATH = YES;
				ONLY_ACTIVE_ARCH = YES;
				PRODUCT_NAME = "$(TARGET_NAME)";
				SDKROOT = macosx;
				SWIFT_ACTIVE_COMPILATION_CONDITIONS = DEBUG;
				SWIFT_OPTIMIZATION_LEVEL = "-Onone";
				SWIFT_VERSION = 5.0;
			};
			name = Debug;
		};
		89A4EEC2FDD1FA2BBA8BB5FD /* Debug */ = {
			isa = XCBuildConfiguration;
			buildSettings = {
				ASSETCATALOG_COMPILER_APPICON_NAME = AppIcon;
				CODE_SIGN_ENTITLEMENTS = codemon/codemon.entitlements;
				CODE_SIGN_STYLE = Automatic;
				COMBINE_HIDPI_IMAGES = YES;
				CURRENT_PROJECT_VERSION = 1;
				ENABLE_HARDENED_RUNTIME = YES;
				GENERATE_INFOPLIST_FILE = NO;
				INFOPLIST_FILE = codemon/Info.plist;
				LD_RUNPATH_SEARCH_PATHS = (
					"$(inherited)",
					"@executable_path/../Frameworks",
				);
				MACOSX_DEPLOYMENT_TARGET = 13.0;
				MARKETING_VERSION = 1.0.0;
				PRODUCT_BUNDLE_IDENTIFIER = dev.adrian.codemon;
				PRODUCT_NAME = codemon;
				SDKROOT = macosx;
				SWIFT_VERSION = 5.0;
			};
			name = Debug;
		};
		CCD3480131D9B44118C854EB /* Release */ = {
			isa = XCBuildConfiguration;
			buildSettings = {
				ASSETCATALOG_COMPILER_APPICON_NAME = AppIcon;
				CODE_SIGN_ENTITLEMENTS = codemon/codemon.entitlements;
				CODE_SIGN_STYLE = Automatic;
				COMBINE_HIDPI_IMAGES = YES;
				CURRENT_PROJECT_VERSION = 1;
				ENABLE_HARDENED_RUNTIME = YES;
				GENERATE_INFOPLIST_FILE = NO;
				INFOPLIST_FILE = codemon/Info.plist;
				LD_RUNPATH_SEARCH_PATHS = (
					"$(inherited)",
					"@executable_path/../Frameworks",
				);
				MACOSX_DEPLOYMENT_TARGET = 13.0;
				MARKETING_VERSION = 1.0.0;
				PRODUCT_BUNDLE_IDENTIFIER = dev.adrian.codemon;
				PRODUCT_NAME = codemon;
				SDKROOT = macosx;
				SWIFT_VERSION = 5.0;
			};
			name = Release;
		};
/* End XCBuildConfiguration section */

/* Begin XCConfigurationList section */
		07CB3461E279B4AAA7B16068 /* Build configuration list for PBXProject "codemon" */ = {
			isa = XCConfigurationList;
			buildConfigurations = (
				5524909C3EAE567847E5B237 /* Debug */,
				05A43F6D8E2C4D56007A7719 /* Release */,
			);
			defaultConfigurationIsVisible = 0;
			defaultConfigurationName = Debug;
		};
		BE510EF67072EC263A1329FF /* Build configuration list for PBXNativeTarget "codemon" */ = {
			isa = XCConfigurationList;
			buildConfigurations = (
				89A4EEC2FDD1FA2BBA8BB5FD /* Debug */,
				CCD3480131D9B44118C854EB /* Release */,
			);
			defaultConfigurationIsVisible = 0;
			defaultConfigurationName = Debug;
		};
/* End XCConfigurationList section */

/* Begin XCRemoteSwiftPackageReference section */
		1BC35EDF74F65C2A37677E16 /* XCRemoteSwiftPackageReference "AppUpdater" */ = {
			isa = XCRemoteSwiftPackageReference;
			repositoryURL = "https://github.com/s1ntoneli/AppUpdater.git";
			requirement = {
				branch = main;
				kind = branch;
			};
		};
		5A43B99AE09823279AE97B12 /* XCRemoteSwiftPackageReference "KeyboardShortcuts" */ = {
			isa = XCRemoteSwiftPackageReference;
			repositoryURL = "https://github.com/sindresorhus/KeyboardShortcuts";
			requirement = {
				kind = upToNextMajorVersion;
				minimumVersion = 2.2.0;
			};
		};
/* End XCRemoteSwiftPackageReference section */

/* Begin XCSwiftPackageProductDependency section */
		0AA2CB5F04AC53A6CF0622A4 /* AppUpdater */ = {
			isa = XCSwiftPackageProductDependency;
			package = 1BC35EDF74F65C2A37677E16 /* XCRemoteSwiftPackageReference "AppUpdater" */;
			productName = AppUpdater;
		};
		A6E8CF01DD79B4D438EC4121 /* KeyboardShortcuts */ = {
			isa = XCSwiftPackageProductDependency;
			package = 5A43B99AE09823279AE97B12 /* XCRemoteSwiftPackageReference "KeyboardShortcuts" */;
			productName = KeyboardShortcuts;
		};
/* End XCSwiftPackageProductDependency section */
	};
	rootObject = 8E8C85668B9C50B54C90F2AC /* Project object */;
}
